
Microsoft Visual Studio Solution File, Format Version 12.00
# Visual Studio Version 16
VisualStudioVersion = 16.0.31112.23
MinimumVisualStudioVersion = 10.0.40219.1
Project("{FAE04EC0-301F-11D3-BF4B-00C04F79EFBC}") = "WebApi", "WebApi.csproj", "{213227E5-6413-450D-82D2-ADA434B71121}"
EndProject
Global
	GlobalSection(SolutionConfigurationPlatforms) = preSolution
		Debug|Any CPU = Debug|Any CPU
		Release|Any CPU = Release|Any CPU
	EndGlobalSection
	GlobalSection(ProjectConfigurationPlatforms) = postSolution
		{213227E5-6413-450D-82D2-ADA434B71121}.Debug|Any CPU.ActiveCfg = Debug|Any CPU
		{213227E5-6413-450D-82D2-ADA434B71121}.Debug|Any CPU.Build.0 = Debug|Any CPU
		{213227E5-6413-450D-82D2-ADA434B71121}.Release|Any CPU.ActiveCfg = Release|Any CPU
		{213227E5-6413-450D-82D2-ADA434B71121}.Release|Any CPU.Build.0 = Release|Any CPU
	EndGlobalSection
	GlobalSection(SolutionProperties) = preSolution
		HideSolutionNode = FALSE
	EndGlobalSection
	GlobalSection(ExtensibilityGlobals) = postSolution
		SolutionGuid = {4C92C600-F020-464E-9DF5-E673A05AE965}
	EndGlobalSection
EndGlobal
